
Microsoft Visual Studio Solution File, Format Version 12.00
# Visual Studio Version 17
VisualStudioVersion = 17.7.34031.279
MinimumVisualStudioVersion = 10.0.40219.1
Project("{FAE04EC0-301F-11D3-BF4B-00C04F79EFBC}") = "SKLAD", "SKLAD.csproj", "{8B338779-F4B9-446F-9F90-724927E2B02C}"
EndProject
Global
	GlobalSection(SolutionConfigurationPlatforms) = preSolution
		Debug|Any CPU = Debug|Any CPU
		Release|Any CPU = Release|Any CPU
	EndGlobalSection
	GlobalSection(ProjectConfigurationPlatforms) = postSolution
		{8B338779-F4B9-446F-9F90-724927E2B02C}.Debug|Any CPU.ActiveCfg = Debug|Any CPU
		{8B338779-F4B9-446F-9F90-724927E2B02C}.Debug|Any CPU.Build.0 = Debug|Any CPU
		{8B338779-F4B9-446F-9F90-724927E2B02C}.Release|Any CPU.ActiveCfg = Release|Any CPU
		{8B338779-F4B9-446F-9F90-724927E2B02C}.Release|Any CPU.Build.0 = Release|Any CPU
	EndGlobalSection
	GlobalSection(SolutionProperties) = preSolution
		HideSolutionNode = FALSE
	EndGlobalSection
	GlobalSection(ExtensibilityGlobals) = postSolution
		SolutionGuid = {8E9A2FBE-B4DD-4FB6-A6CA-011CD5A7030E}
	EndGlobalSection
EndGlobal
